
Microsoft Visual Studio Solution File, Format Version 12.00
# Visual Studio Version 17
VisualStudioVersion = 17.10.35013.160
MinimumVisualStudioVersion = 10.0.40219.1
Project("{F184B08F-C81C-45F6-A57F-5ABD9991F28F}") = "BookManager", "BookManager\BookManager.vbproj", "{4E21EE3B-C57C-46FB-BA7B-E110394C516D}"
EndProject
Project("{F184B08F-C81C-45F6-A57F-5ABD9991F28F}") = "IDRemover", "IDRemover\IDRemover.vbproj", "{FC41114D-C8F2-4E5C-87D6-F357DB7A08E9}"
EndProject
Project("{F184B08F-C81C-45F6-A57F-5ABD9991F28F}") = "TestingApp", "TestingApp\TestingApp.vbproj", "{C73565C6-9D63-430C-BB41-F327B7688B74}"
EndProject
Project("{888888A0-9F3D-457C-B088-3A5042F75D52}") = "SyncServer", "SyncServer\SyncServer.pyproj", "{6A9C9046-3028-4FD4-B495-4AF3045E6F8A}"
EndProject
Project("{54435603-DBB4-11D2-8724-00A0C9A8B90C}") = "BookManagerInstaller", "BookManagerInstaller\BookManagerInstaller.vdproj", "{1CA7841A-E417-4B5B-B1F2-4AA69C4D9396}"
EndProject
Global
	GlobalSection(SolutionConfigurationPlatforms) = preSolution
		Debug|Any CPU = Debug|Any CPU
		Debug|x64 = Debug|x64
		Release|Any CPU = Release|Any CPU
		Release|x64 = Release|x64
	EndGlobalSection
	GlobalSection(ProjectConfigurationPlatforms) = postSolution
		{4E21EE3B-C57C-46FB-BA7B-E110394C516D}.Debug|Any CPU.ActiveCfg = Debug|Any CPU
		{4E21EE3B-C57C-46FB-BA7B-E110394C516D}.Debug|Any CPU.Build.0 = Debug|Any CPU
		{4E21EE3B-C57C-46FB-BA7B-E110394C516D}.Debug|x64.ActiveCfg = Debug|x64
		{4E21EE3B-C57C-46FB-BA7B-E110394C516D}.Debug|x64.Build.0 = Debug|x64
		{4E21EE3B-C57C-46FB-BA7B-E110394C516D}.Release|Any CPU.ActiveCfg = Release|Any CPU
		{4E21EE3B-C57C-46FB-BA7B-E110394C516D}.Release|Any CPU.Build.0 = Release|Any CPU
		{4E21EE3B-C57C-46FB-BA7B-E110394C516D}.Release|x64.ActiveCfg = Release|x64
		{4E21EE3B-C57C-46FB-BA7B-E110394C516D}.Release|x64.Build.0 = Release|x64
		{FC41114D-C8F2-4E5C-87D6-F357DB7A08E9}.Debug|Any CPU.ActiveCfg = Debug|Any CPU
		{FC41114D-C8F2-4E5C-87D6-F357DB7A08E9}.Debug|Any CPU.Build.0 = Debug|Any CPU
		{FC41114D-C8F2-4E5C-87D6-F357DB7A08E9}.Debug|x64.ActiveCfg = Debug|Any CPU
		{FC41114D-C8F2-4E5C-87D6-F357DB7A08E9}.Debug|x64.Build.0 = Debug|Any CPU
		{FC41114D-C8F2-4E5C-87D6-F357DB7A08E9}.Release|Any CPU.ActiveCfg = Release|Any CPU
		{FC41114D-C8F2-4E5C-87D6-F357DB7A08E9}.Release|Any CPU.Build.0 = Release|Any CPU
		{FC41114D-C8F2-4E5C-87D6-F357DB7A08E9}.Release|x64.ActiveCfg = Release|Any CPU
		{FC41114D-C8F2-4E5C-87D6-F357DB7A08E9}.Release|x64.Build.0 = Release|Any CPU
		{C73565C6-9D63-430C-BB41-F327B7688B74}.Debug|Any CPU.ActiveCfg = Debug|Any CPU
		{C73565C6-9D63-430C-BB41-F327B7688B74}.Debug|Any CPU.Build.0 = Debug|Any CPU
		{C73565C6-9D63-430C-BB41-F327B7688B74}.Debug|x64.ActiveCfg = Debug|Any CPU
		{C73565C6-9D63-430C-BB41-F327B7688B74}.Debug|x64.Build.0 = Debug|Any CPU
		{C73565C6-9D63-430C-BB41-F327B7688B74}.Release|Any CPU.ActiveCfg = Release|Any CPU
		{C73565C6-9D63-430C-BB41-F327B7688B74}.Release|Any CPU.Build.0 = Release|Any CPU
		{C73565C6-9D63-430C-BB41-F327B7688B74}.Release|x64.ActiveCfg = Release|Any CPU
		{C73565C6-9D63-430C-BB41-F327B7688B74}.Release|x64.Build.0 = Release|Any CPU
		{6A9C9046-3028-4FD4-B495-4AF3045E6F8A}.Debug|Any CPU.ActiveCfg = Debug|Any CPU
		{6A9C9046-3028-4FD4-B495-4AF3045E6F8A}.Debug|x64.ActiveCfg = Debug|Any CPU
		{6A9C9046-3028-4FD4-B495-4AF3045E6F8A}.Release|Any CPU.ActiveCfg = Release|Any CPU
		{6A9C9046-3028-4FD4-B495-4AF3045E6F8A}.Release|x64.ActiveCfg = Release|Any CPU
		{1CA7841A-E417-4B5B-B1F2-4AA69C4D9396}.Debug|Any CPU.ActiveCfg = Debug
		{1CA7841A-E417-4B5B-B1F2-4AA69C4D9396}.Debug|x64.ActiveCfg = Debug
		{1CA7841A-E417-4B5B-B1F2-4AA69C4D9396}.Release|Any CPU.ActiveCfg = Release
		{1CA7841A-E417-4B5B-B1F2-4AA69C4D9396}.Release|x64.ActiveCfg = Release
	EndGlobalSection
	GlobalSection(SolutionProperties) = preSolution
		HideSolutionNode = FALSE
	EndGlobalSection
	GlobalSection(ExtensibilityGlobals) = postSolution
		SolutionGuid = {C196036F-810E-4B5F-A492-F7E8C02192A6}
	EndGlobalSection
EndGlobal
